
Microsoft Visual Studio Solution File, Format Version 12.00
# Visual Studio Version 16
VisualStudioVersion = 16.0.29209.62
MinimumVisualStudioVersion = 10.0.40219.1
Project("{FAE04EC0-301F-11D3-BF4B-00C04F79EFBC}") = "DemoWeb", "DemoWeb.csproj", "{A68A302A-5444-4A8F-8D4E-A4790F92F236}"
EndProject
Global
	GlobalSection(SolutionConfigurationPlatforms) = preSolution
		Debug|Any CPU = Debug|Any CPU
		Release|Any CPU = Release|Any CPU
	EndGlobalSection
	GlobalSection(ProjectConfigurationPlatforms) = postSolution
		{A68A302A-5444-4A8F-8D4E-A4790F92F236}.Debug|Any CPU.ActiveCfg = Debug|Any CPU
		{A68A302A-5444-4A8F-8D4E-A4790F92F236}.Debug|Any CPU.Build.0 = Debug|Any CPU
		{A68A302A-5444-4A8F-8D4E-A4790F92F236}.Release|Any CPU.ActiveCfg = Release|Any CPU
		{A68A302A-5444-4A8F-8D4E-A4790F92F236}.Release|Any CPU.Build.0 = Release|Any CPU
	EndGlobalSection
	GlobalSection(SolutionProperties) = preSolution
		HideSolutionNode = FALSE
	EndGlobalSection
	GlobalSection(ExtensibilityGlobals) = postSolution
		SolutionGuid = {F8B58311-B524-467D-AEE6-43FFD3F6A05C}
	EndGlobalSection
EndGlobal
